// !$*UTF8*$!
{
	archiveVersion = 1;
	classes = {
	};
	objectVersion = 50;
	objects = {

/* Begin PBXBuildFile section */
		521DE6C329F1235400BB2D0D /* AppDelegate.swift in Sources */ = {isa = PBXBuildFile; fileRef = 521DE6C229F1235400BB2D0D /* AppDelegate.swift */; };
		521DE6C529F1235400BB2D0D /* SceneDelegate.swift in Sources */ = {isa = PBXBuildFile; fileRef = 521DE6C429F1235400BB2D0D /* SceneDelegate.swift */; };
		521DE6C729F1235400BB2D0D /* ViewController.swift in Sources */ = {isa = PBXBuildFile; fileRef = 521DE6C629F1235400BB2D0D /* ViewController.swift */; };
		521DE6CA29F1235400BB2D0D /* Main.storyboard in Resources */ = {isa = PBXBuildFile; fileRef = 521DE6C829F1235400BB2D0D /* Main.storyboard */; };
		521DE6CD29F1235400BB2D0D /* coredata_original.xcdatamodeld in Sources */ = {isa = PBXBuildFile; fileRef = 521DE6CB29F1235400BB2D0D /* coredata_original.xcdatamodeld */; };
		521DE6CF29F1235500BB2D0D /* Assets.xcassets in Resources */ = {isa = PBXBuildFile; fileRef = 521DE6CE29F1235500BB2D0D /* Assets.xcassets */; };
		521DE6D229F1235500BB2D0D /* LaunchScreen.storyboard in Resources */ = {isa = PBXBuildFile; fileRef = 521DE6D029F1235500BB2D0D /* LaunchScreen.storyboard */; };
		521DE6DD29F1235500BB2D0D /* coredata_originalTests.swift in Sources */ = {isa = PBXBuildFile; fileRef = 521DE6DC29F1235500BB2D0D /* coredata_originalTests.swift */; };
		521DE6E829F1235500BB2D0D /* coredata_originalUITests.swift in Sources */ = {isa = PBXBuildFile; fileRef = 521DE6E729F1235500BB2D0D /* coredata_originalUITests.swift */; };
		52E42BB429F2A8770079611E /* fetchDataOnTableview_First.swift in Sources */ = {isa = PBXBuildFile; fileRef = 52E42BB329F2A8770079611E /* fetchDataOnTableview_First.swift */; };
		52E42BBD29F2AA160079611E /* CountryData+CoreDataClass.swift in Sources */ = {isa = PBXBuildFile; fileRef = 52E42BBB29F2AA160079611E /* CountryData+CoreDataClass.swift */; };
		52E42BBE29F2AA160079611E /* CountryData+CoreDataProperties.swift in Sources */ = {isa = PBXBuildFile; fileRef = 52E42BBC29F2AA160079611E /* CountryData+CoreDataProperties.swift */; };
		52E42BC329F2AA930079611E /* DBhandlerOfFetchTbleview.swift in Sources */ = {isa = PBXBuildFile; fileRef = 52E42BC229F2AA930079611E /* DBhandlerOfFetchTbleview.swift */; };
		52E42BCC29F2B2180079611E /* FetchDataOnTableview.swift in Sources */ = {isa = PBXBuildFile; fileRef = 52E42BCB29F2B2180079611E /* FetchDataOnTableview.swift */; };
/* End PBXBuildFile section */

/* Begin PBXContainerItemProxy section */
		521DE6D929F1235500BB2D0D /* PBXContainerItemProxy */ = {
			isa = PBXContainerItemProxy;
			containerPortal = 521DE6B729F1235400BB2D0D /* Project object */;
			proxyType = 1;
			remoteGlobalIDString = 521DE6BE29F1235400BB2D0D;
			remoteInfo = coredata_original;
		};
		521DE6E429F1235500BB2D0D /* PBXContainerItemProxy */ = {
			isa = PBXContainerItemProxy;
			containerPortal = 521DE6B729F1235400BB2D0D /* Project object */;
			proxyType = 1;
			remoteGlobalIDString = 521DE6BE29F1235400BB2D0D;
			remoteInfo = coredata_original;
		};
/* End PBXContainerItemProxy section */

/* Begin PBXFileReference section */
		521DE6BF29F1235400BB2D0D /* coredata_original.app */ = {isa = PBXFileReference; explicitFileType = wrapper.application; includeInIndex = 0; path = coredata_original.app; sourceTree = BUILT_PRODUCTS_DIR; };
		521DE6C229F1235400BB2D0D /* AppDelegate.swift */ = {isa = PBXFileReference; lastKnownFileType = sourcecode.swift; path = AppDelegate.swift; sourceTree = "<group>"; };
		521DE6C429F1235400BB2D0D /* SceneDelegate.swift */ = {isa = PBXFileReference; lastKnownFileType = sourcecode.swift; path = SceneDelegate.swift; sourceTree = "<group>"; };
		521DE6C629F1235400BB2D0D /* ViewController.swift */ = {isa = PBXFileReference; lastKnownFileType = sourcecode.swift; path = ViewController.swift; sourceTree = "<group>"; };
		521DE6C929F1235400BB2D0D /* Base */ = {isa = PBXFileReference; lastKnownFileType = file.storyboard; name = Base; path = Base.lproj/Main.storyboard; sourceTree = "<group>"; };
		521DE6CC29F1235400BB2D0D /* coredata_original.xcdatamodel */ = {isa = PBXFileReference; lastKnownFileType = wrapper.xcdatamodel; path = coredata_original.xcdatamodel; sourceTree = "<group>"; };
		521DE6CE29F1235500BB2D0D /* Assets.xcassets */ = {isa = PBXFileReference; lastKnownFileType = folder.assetcatalog; path = Assets.xcassets; sourceTree = "<group>"; };
		521DE6D129F1235500BB2D0D /* Base */ = {isa = PBXFileReference; lastKnownFileType = file.storyboard; name = Base; path = Base.lproj/LaunchScreen.storyboard; sourceTree = "<group>"; };
		521DE6D329F1235500BB2D0D /* Info.plist */ = {isa = PBXFileReference; lastKnownFileType = text.plist.xml; path = Info.plist; sourceTree = "<group>"; };
		521DE6D829F1235500BB2D0D /* coredata_originalTests.xctest */ = {isa = PBXFileReference; explicitFileType = wrapper.cfbundle; includeInIndex = 0; path = coredata_originalTests.xctest; sourceTree = BUILT_PRODUCTS_DIR; };
		521DE6DC29F1235500BB2D0D /* coredata_originalTests.swift */ = {isa = PBXFileReference; lastKnownFileType = sourcecode.swift; path = coredata_originalTests.swift; sourceTree = "<group>"; };
		521DE6DE29F1235500BB2D0D /* Info.plist */ = {isa = PBXFileReference; lastKnownFileType = text.plist.xml; path = Info.plist; sourceTree = "<group>"; };
		521DE6E329F1235500BB2D0D /* coredata_originalUITests.xctest */ = {isa = PBXFileReference; explicitFileType = wrapper.cfbundle; includeInIndex = 0; path = coredata_originalUITests.xctest; sourceTree = BUILT_PRODUCTS_DIR; };
		521DE6E729F1235500BB2D0D /* coredata_originalUITests.swift */ = {isa = PBXFileReference; lastKnownFileType = sourcecode.swift; path = coredata_originalUITests.swift; sourceTree = "<group>"; };
		521DE6E929F1235500BB2D0D /* Info.plist */ = {isa = PBXFileReference; lastKnownFileType = text.plist.xml; path = Info.plist; sourceTree = "<group>"; };
		52E42BB329F2A8770079611E /* fetchDataOnTableview_First.swift */ = {isa = PBXFileReference; lastKnownFileType = sourcecode.swift; path = fetchDataOnTableview_First.swift; sourceTree = "<group>"; };
		52E42BBB29F2AA160079611E /* CountryData+CoreDataClass.swift */ = {isa = PBXFileReference; lastKnownFileType = sourcecode.swift; path = "CountryData+CoreDataClass.swift"; sourceTree = "<group>"; };
		52E42BBC29F2AA160079611E /* CountryData+CoreDataProperties.swift */ = {isa = PBXFileReference; lastKnownFileType = sourcecode.swift; path = "CountryData+CoreDataProperties.swift"; sourceTree = "<group>"; };
		52E42BC229F2AA930079611E /* DBhandlerOfFetchTbleview.swift */ = {isa = PBXFileReference; lastKnownFileType = sourcecode.swift; path = DBhandlerOfFetchTbleview.swift; sourceTree = "<group>"; };
		52E42BCB29F2B2180079611E /* FetchDataOnTableview.swift */ = {isa = PBXFileReference; lastKnownFileType = sourcecode.swift; path = FetchDataOnTableview.swift; sourceTree = "<group>"; };
/* End PBXFileReference section */

/* Begin PBXFrameworksBuildPhase section */
		521DE6BC29F1235400BB2D0D /* Frameworks */ = {
			isa = PBXFrameworksBuildPhase;
			buildActionMask = 2147483647;
			files = (
			);
			runOnlyForDeploymentPostprocessing = 0;
		};
		521DE6D529F1235500BB2D0D /* Frameworks */ = {
			isa = PBXFrameworksBuildPhase;
			buildActionMask = 2147483647;
			files = (
			);
			runOnlyForDeploymentPostprocessing = 0;
		};
		521DE6E029F1235500BB2D0D /* Frameworks */ = {
			isa = PBXFrameworksBuildPhase;
			buildActionMask = 2147483647;
			files = (
			);
			runOnlyForDeploymentPostprocessing = 0;
		};
/* End PBXFrameworksBuildPhase section */

/* Begin PBXGroup section */
		521DE6B629F1235400BB2D0D = {
			isa = PBXGroup;
			children = (
				521DE6C129F1235400BB2D0D /* coredata_original */,
				521DE6DB29F1235500BB2D0D /* coredata_originalTests */,
				521DE6E629F1235500BB2D0D /* coredata_originalUITests */,
				521DE6C029F1235400BB2D0D /* Products */,
			);
			sourceTree = "<group>";
		};
		521DE6C029F1235400BB2D0D /* Products */ = {
			isa = PBXGroup;
			children = (
				521DE6BF29F1235400BB2D0D /* coredata_original.app */,
				521DE6D829F1235500BB2D0D /* coredata_originalTests.xctest */,
				521DE6E329F1235500BB2D0D /* coredata_originalUITests.xctest */,
			);
			name = Products;
			sourceTree = "<group>";
		};
		521DE6C129F1235400BB2D0D /* coredata_original */ = {
			isa = PBXGroup;
			children = (
				52E42BD329F2B9800079611E /* fetchdata_Tableview */,
				52E42BC729F2B0D20079611E /* Resource */,
				52E42BB229F2A8120079611E /* fetch_on_Tableview_brain4 */,
				521DE6C629F1235400BB2D0D /* ViewController.swift */,
				521DE6C829F1235400BB2D0D /* Main.storyboard */,
				521DE6CE29F1235500BB2D0D /* Assets.xcassets */,
				521DE6D029F1235500BB2D0D /* LaunchScreen.storyboard */,
				521DE6D329F1235500BB2D0D /* Info.plist */,
				521DE6CB29F1235400BB2D0D /* coredata_original.xcdatamodeld */,
			);
			path = coredata_original;
			sourceTree = "<group>";
		};
		521DE6DB29F1235500BB2D0D /* coredata_originalTests */ = {
			isa = PBXGroup;
			children = (
				521DE6DC29F1235500BB2D0D /* coredata_originalTests.swift */,
				521DE6DE29F1235500BB2D0D /* Info.plist */,
			);
			path = coredata_originalTests;
			sourceTree = "<group>";
		};
		521DE6E629F1235500BB2D0D /* coredata_originalUITests */ = {
			isa = PBXGroup;
			children = (
				521DE6E729F1235500BB2D0D /* coredata_originalUITests.swift */,
				521DE6E929F1235500BB2D0D /* Info.plist */,
			);
			path = coredata_originalUITests;
			sourceTree = "<group>";
		};
		52E42BB229F2A8120079611E /* fetch_on_Tableview_brain4 */ = {
			isa = PBXGroup;
			children = (
				52E42BBB29F2AA160079611E /* CountryData+CoreDataClass.swift */,
				52E42BBC29F2AA160079611E /* CountryData+CoreDataProperties.swift */,
				52E42BB329F2A8770079611E /* fetchDataOnTableview_First.swift */,
				52E42BC229F2AA930079611E /* DBhandlerOfFetchTbleview.swift */,
			);
			path = fetch_on_Tableview_brain4;
			sourceTree = "<group>";
		};
		52E42BC729F2B0D20079611E /* Resource */ = {
			isa = PBXGroup;
			children = (
				521DE6C229F1235400BB2D0D /* AppDelegate.swift */,
				521DE6C429F1235400BB2D0D /* SceneDelegate.swift */,
			);
			path = Resource;
			sourceTree = "<group>";
		};
		52E42BD329F2B9800079611E /* fetchdata_Tableview */ = {
			isa = PBXGroup;
			children = (
				52E42BCB29F2B2180079611E /* FetchDataOnTableview.swift */,
			);
			path = fetchdata_Tableview;
			sourceTree = "<group>";
		};
/* End PBXGroup section */

/* Begin PBXNativeTarget section */
		521DE6BE29F1235400BB2D0D /* coredata_original */ = {
			isa = PBXNativeTarget;
			buildConfigurationList = 521DE6EC29F1235500BB2D0D /* Build configuration list for PBXNativeTarget "coredata_original" */;
			buildPhases = (
				521DE6BB29F1235400BB2D0D /* Sources */,
				521DE6BC29F1235400BB2D0D /* Frameworks */,
				521DE6BD29F1235400BB2D0D /* Resources */,
			);
			buildRules = (
			);
			dependencies = (
			);
			name = coredata_original;
			productName = coredata_original;
			productReference = 521DE6BF29F1235400BB2D0D /* coredata_original.app */;
			productType = "com.apple.product-type.application";
		};
		521DE6D729F1235500BB2D0D /* coredata_originalTests */ = {
			isa = PBXNativeTarget;
			buildConfigurationList = 521DE6EF29F1235500BB2D0D /* Build configuration list for PBXNativeTarget "coredata_originalTests" */;
			buildPhases = (
				521DE6D429F1235500BB2D0D /* Sources */,
				521DE6D529F1235500BB2D0D /* Frameworks */,
				521DE6D629F1235500BB2D0D /* Resources */,
			);
			buildRules = (
			);
			dependencies = (
				521DE6DA29F1235500BB2D0D /* PBXTargetDependency */,
			);
			name = coredata_originalTests;
			productName = coredata_originalTests;
			productReference = 521DE6D829F1235500BB2D0D /* coredata_originalTests.xctest */;
			productType = "com.apple.product-type.bundle.unit-test";
		};
		521DE6E229F1235500BB2D0D /* coredata_originalUITests */ = {
			isa = PBXNativeTarget;
			buildConfigurationList = 521DE6F229F1235500BB2D0D /* Build configuration list for PBXNativeTarget "coredata_originalUITests" */;
			buildPhases = (
				521DE6DF29F1235500BB2D0D /* Sources */,
				521DE6E029F1235500BB2D0D /* Frameworks */,
				521DE6E129F1235500BB2D0D /* Resources */,
			);
			buildRules = (
			);
			dependencies = (
				521DE6E529F1235500BB2D0D /* PBXTargetDependency */,
			);
			name = coredata_originalUITests;
			productName = coredata_originalUITests;
			productReference = 521DE6E329F1235500BB2D0D /* coredata_originalUITests.xctest */;
			productType = "com.apple.product-type.bundle.ui-testing";
		};
/* End PBXNativeTarget section */

/* Begin PBXProject section */
		521DE6B729F1235400BB2D0D /* Project object */ = {
			isa = PBXProject;
			attributes = {
				LastSwiftUpdateCheck = 1240;
				LastUpgradeCheck = 1240;
				TargetAttributes = {
					521DE6BE29F1235400BB2D0D = {
						CreatedOnToolsVersion = 12.4;
					};
					521DE6D729F1235500BB2D0D = {
						CreatedOnToolsVersion = 12.4;
						TestTargetID = 521DE6BE29F1235400BB2D0D;
					};
					521DE6E229F1235500BB2D0D = {
						CreatedOnToolsVersion = 12.4;
						TestTargetID = 521DE6BE29F1235400BB2D0D;
					};
				};
			};
			buildConfigurationList = 521DE6BA29F1235400BB2D0D /* Build configuration list for PBXProject "coredata_original" */;
			compatibilityVersion = "Xcode 9.3";
			developmentRegion = en;
			hasScannedForEncodings = 0;
			knownRegions = (
				en,
				Base,
			);
			mainGroup = 521DE6B629F1235400BB2D0D;
			productRefGroup = 521DE6C029F1235400BB2D0D /* Products */;
			projectDirPath = "";
			projectRoot = "";
			targets = (
				521DE6BE29F1235400BB2D0D /* coredata_original */,
				521DE6D729F1235500BB2D0D /* coredata_originalTests */,
				521DE6E229F1235500BB2D0D /* coredata_originalUITests */,
			);
		};
/* End PBXProject section */

/* Begin PBXResourcesBuildPhase section */
		521DE6BD29F1235400BB2D0D /* Resources */ = {
			isa = PBXResourcesBuildPhase;
			buildActionMask = 2147483647;
			files = (
				521DE6D229F1235500BB2D0D /* LaunchScreen.storyboard in Resources */,
				521DE6CF29F1235500BB2D0D /* Assets.xcassets in Resources */,
				521DE6CA29F1235400BB2D0D /* Main.storyboard in Resources */,
			);
			runOnlyForDeploymentPostprocessing = 0;
		};
		521DE6D629F1235500BB2D0D /* Resources */ = {
			isa = PBXResourcesBuildPhase;
			buildActionMask = 2147483647;
			files = (
			);
			runOnlyForDeploymentPostprocessing = 0;
		};
		521DE6E129F1235500BB2D0D /* Resources */ = {
			isa = PBXResourcesBuildPhase;
			buildActionMask = 2147483647;
			files = (
			);
			runOnlyForDeploymentPostprocessing = 0;
		};
/* End PBXResourcesBuildPhase section */

/* Begin PBXSourcesBuildPhase section */
		521DE6BB29F1235400BB2D0D /* Sources */ = {
			isa = PBXSourcesBuildPhase;
			buildActionMask = 2147483647;
			files = (
				521DE6C729F1235400BB2D0D /* ViewController.swift in Sources */,
				521DE6CD29F1235400BB2D0D /* coredata_original.xcdatamodeld in Sources */,
				52E42BCC29F2B2180079611E /* FetchDataOnTableview.swift in Sources */,
				521DE6C329F1235400BB2D0D /* AppDelegate.swift in Sources */,
				52E42BB429F2A8770079611E /* fetchDataOnTableview_First.swift in Sources */,
				52E42BBE29F2AA160079611E /* CountryData+CoreDataProperties.swift in Sources */,
				52E42BBD29F2AA160079611E /* CountryData+CoreDataClass.swift in Sources */,
				52E42BC329F2AA930079611E /* DBhandlerOfFetchTbleview.swift in Sources */,
				521DE6C529F1235400BB2D0D /* SceneDelegate.swift in Sources */,
			);
			runOnlyForDeploymentPostprocessing = 0;
		};
		521DE6D429F1235500BB2D0D /* Sources */ = {
			isa = PBXSourcesBuildPhase;
			buildActionMask = 2147483647;
			files = (
				521DE6DD29F1235500BB2D0D /* coredata_originalTests.swift in Sources */,
			);
			runOnlyForDeploymentPostprocessing = 0;
		};
		521DE6DF29F1235500BB2D0D /* Sources */ = {
			isa = PBXSourcesBuildPhase;
			buildActionMask = 2147483647;
			files = (
				521DE6E829F1235500BB2D0D /* coredata_originalUITests.swift in Sources */,
			);
			runOnlyForDeploymentPostprocessing = 0;
		};
/* End PBXSourcesBuildPhase section */

/* Begin PBXTargetDependency section */
		521DE6DA29F1235500BB2D0D /* PBXTargetDependency */ = {
			isa = PBXTargetDependency;
			target = 521DE6BE29F1235400BB2D0D /* coredata_original */;
			targetProxy = 521DE6D929F1235500BB2D0D /* PBXContainerItemProxy */;
		};
		521DE6E529F1235500BB2D0D /* PBXTargetDependency */ = {
			isa = PBXTargetDependency;
			target = 521DE6BE29F1235400BB2D0D /* coredata_original */;
			targetProxy = 521DE6E429F1235500BB2D0D /* PBXContainerItemProxy */;
		};
/* End PBXTargetDependency section */

/* Begin PBXVariantGroup section */
		521DE6C829F1235400BB2D0D /* Main.storyboard */ = {
			isa = PBXVariantGroup;
			children = (
				521DE6C929F1235400BB2D0D /* Base */,
			);
			name = Main.storyboard;
			sourceTree = "<group>";
		};
		521DE6D029F1235500BB2D0D /* LaunchScreen.storyboard */ = {
			isa = PBXVariantGroup;
			children = (
				521DE6D129F1235500BB2D0D /* Base */,
			);
			name = LaunchScreen.storyboard;
			sourceTree = "<group>";
		};
/* End PBXVariantGroup section */

/* Begin XCBuildConfiguration section */
		521DE6EA29F1235500BB2D0D /* Debug */ = {
			isa = XCBuildConfiguration;
			buildSettings = {
				ALWAYS_SEARCH_USER_PATHS = NO;
				CLANG_ANALYZER_NONNULL = YES;
				CLANG_ANALYZER_NUMBER_OBJECT_CONVERSION = YES_AGGRESSIVE;
				CLANG_CXX_LANGUAGE_STANDARD = "gnu++14";
				CLANG_CXX_LIBRARY = "libc++";
				CLANG_ENABLE_MODULES = YES;
				CLANG_ENABLE_OBJC_ARC = YES;
				CLANG_ENABLE_OBJC_WEAK = YES;
				CLANG_WARN_BLOCK_CAPTURE_AUTORELEASING = YES;
				CLANG_WARN_BOOL_CONVERSION = YES;
				CLANG_WARN_COMMA = YES;
				CLANG_WARN_CONSTANT_CONVERSION = YES;
				CLANG_WARN_DEPRECATED_OBJC_IMPLEMENTATIONS = YES;
				CLANG_WARN_DIRECT_OBJC_ISA_USAGE = YES_ERROR;
				CLANG_WARN_DOCUMENTATION_COMMENTS = YES;
				CLANG_WARN_EMPTY_BODY = YES;
				CLANG_WARN_ENUM_CONVERSION = YES;
				CLANG_WARN_INFINITE_RECURSION = YES;
				CLANG_WARN_INT_CONVERSION = YES;
				CLANG_WARN_NON_LITERAL_NULL_CONVERSION = YES;
				CLANG_WARN_OBJC_IMPLICIT_RETAIN_SELF = YES;
				CLANG_WARN_OBJC_LITERAL_CONVERSION = YES;
				CLANG_WARN_OBJC_ROOT_CLASS = YES_ERROR;
				CLANG_WARN_QUOTED_INCLUDE_IN_FRAMEWORK_HEADER = YES;
				CLANG_WARN_RANGE_LOOP_ANALYSIS = YES;
				CLANG_WARN_STRICT_PROTOTYPES = YES;
				CLANG_WARN_SUSPICIOUS_MOVE = YES;
				CLANG_WARN_UNGUARDED_AVAILABILITY = YES_AGGRESSIVE;
				CLANG_WARN_UNREACHABLE_CODE = YES;
				CLANG_WARN__DUPLICATE_METHOD_MATCH = YES;
				COPY_PHASE_STRIP = NO;
				DEBUG_INFORMATION_FORMAT = dwarf;
				ENABLE_STRICT_OBJC_MSGSEND = YES;
				ENABLE_TESTABILITY = YES;
				GCC_C_LANGUAGE_STANDARD = gnu11;
				GCC_DYNAMIC_NO_PIC = NO;
				GCC_NO_COMMON_BLOCKS = YES;
				GCC_OPTIMIZATION_LEVEL = 0;
				GCC_PREPROCESSOR_DEFINITIONS = (
					"DEBUG=1",
					"$(inherited)",
				);
				GCC_WARN_64_TO_32_BIT_CONVERSION = YES;
				GCC_WARN_ABOUT_RETURN_TYPE = YES_ERROR;
				GCC_WARN_UNDECLARED_SELECTOR = YES;
				GCC_WARN_UNINITIALIZED_AUTOS = YES_AGGRESSIVE;
				GCC_WARN_UNUSED_FUNCTION = YES;
				GCC_WARN_UNUSED_VARIABLE = YES;
				IPHONEOS_DEPLOYMENT_TARGET = 14.4;
				MTL_ENABLE_DEBUG_INFO = INCLUDE_SOURCE;
				MTL_FAST_MATH = YES;
				ONLY_ACTIVE_ARCH = YES;
				SDKROOT = iphoneos;
				SWIFT_ACTIVE_COMPILATION_CONDITIONS = DEBUG;
				SWIFT_OPTIMIZATION_LEVEL = "-Onone";
			};
			name = Debug;
		};
		521DE6EB29F1235500BB2D0D /* Release */ = {
			isa = XCBuildConfiguration;
			buildSettings = {
				ALWAYS_SEARCH_USER_PATHS = NO;
				CLANG_ANALYZER_NONNULL = YES;
				CLANG_ANALYZER_NUMBER_OBJECT_CONVERSION = YES_AGGRESSIVE;
				CLANG_CXX_LANGUAGE_STANDARD = "gnu++14";
				CLANG_CXX_LIBRARY = "libc++";
				CLANG_ENABLE_MODULES = YES;
				CLANG_ENABLE_OBJC_ARC = YES;
				CLANG_ENABLE_OBJC_WEAK = YES;
				CLANG_WARN_BLOCK_CAPTURE_AUTORELEASING = YES;
				CLANG_WARN_BOOL_CONVERSION = YES;
				CLANG_WARN_COMMA = YES;
				CLANG_WARN_CONSTANT_CONVERSION = YES;
				CLANG_WARN_DEPRECATED_OBJC_IMPLEMENTATIONS = YES;
				CLANG_WARN_DIRECT_OBJC_ISA_USAGE = YES_ERROR;
				CLANG_WARN_DOCUMENTATION_COMMENTS = YES;
				CLANG_WARN_EMPTY_BODY = YES;
				CLANG_WARN_ENUM_CONVERSION = YES;
				CLANG_WARN_INFINITE_RECURSION = YES;
				CLANG_WARN_INT_CONVERSION = YES;
				CLANG_WARN_NON_LITERAL_NULL_CONVERSION = YES;
				CLANG_WARN_OBJC_IMPLICIT_RETAIN_SELF = YES;
				CLANG_WARN_OBJC_LITERAL_CONVERSION = YES;
				CLANG_WARN_OBJC_ROOT_CLASS = YES_ERROR;
				CLANG_WARN_QUOTED_INCLUDE_IN_FRAMEWORK_HEADER = YES;
				CLANG_WARN_RANGE_LOOP_ANALYSIS = YES;
				CLANG_WARN_STRICT_PROTOTYPES = YES;
				CLANG_WARN_SUSPICIOUS_MOVE = YES;
				CLANG_WARN_UNGUARDED_AVAILABILITY = YES_AGGRESSIVE;
				CLANG_WARN_UNREACHABLE_CODE = YES;
				CLANG_WARN__DUPLICATE_METHOD_MATCH = YES;
				COPY_PHASE_STRIP = NO;
				DEBUG_INFORMATION_FORMAT = "dwarf-with-dsym";
				ENABLE_NS_ASSERTIONS = NO;
				ENABLE_STRICT_OBJC_MSGSEND = YES;
				GCC_C_LANGUAGE_STANDARD = gnu11;
				GCC_NO_COMMON_BLOCKS = YES;
				GCC_WARN_64_TO_32_BIT_CONVERSION = YES;
				GCC_WARN_ABOUT_RETURN_TYPE = YES_ERROR;
				GCC_WARN_UNDECLARED_SELECTOR = YES;
				GCC_WARN_UNINITIALIZED_AUTOS = YES_AGGRESSIVE;
				GCC_WARN_UNUSED_FUNCTION = YES;
				GCC_WARN_UNUSED_VARIABLE = YES;
				IPHONEOS_DEPLOYMENT_TARGET = 14.4;
				MTL_ENABLE_DEBUG_INFO = NO;
				MTL_FAST_MATH = YES;
				SDKROOT = iphoneos;
				SWIFT_COMPILATION_MODE = wholemodule;
				SWIFT_OPTIMIZATION_LEVEL = "-O";
				VALIDATE_PRODUCT = YES;
			};
			name = Release;
		};
		521DE6ED29F1235500BB2D0D /* Debug */ = {
			isa = XCBuildConfiguration;
			buildSettings = {
				ASSETCATALOG_COMPILER_APPICON_NAME = AppIcon;
				ASSETCATALOG_COMPILER_GLOBAL_ACCENT_COLOR_NAME = AccentColor;
				CODE_SIGN_STYLE = Automatic;
				INFOPLIST_FILE = coredata_original/Info.plist;
				LD_RUNPATH_SEARCH_PATHS = (
					"$(inherited)",
					"@executable_path/Frameworks",
				);
				PRODUCT_BUNDLE_IDENTIFIER = "ag.coredata-original";
				PRODUCT_NAME = "$(TARGET_NAME)";
				SWIFT_VERSION = 5.0;
				TARGETED_DEVICE_FAMILY = "1,2";
			};
			name = Debug;
		};
		521DE6EE29F1235500BB2D0D /* Release */ = {
			isa = XCBuildConfiguration;
			buildSettings = {
				ASSETCATALOG_COMPILER_APPICON_NAME = AppIcon;
				ASSETCATALOG_COMPILER_GLOBAL_ACCENT_COLOR_NAME = AccentColor;
				CODE_SIGN_STYLE = Automatic;
				INFOPLIST_FILE = coredata_original/Info.plist;
				LD_RUNPATH_SEARCH_PATHS = (
					"$(inherited)",
					"@executable_path/Frameworks",
				);
				PRODUCT_BUNDLE_IDENTIFIER = "ag.coredata-original";
				PRODUCT_NAME = "$(TARGET_NAME)";
				SWIFT_VERSION = 5.0;
				TARGETED_DEVICE_FAMILY = "1,2";
			};
			name = Release;
		};
		521DE6F029F1235500BB2D0D /* Debug */ = {
			isa = XCBuildConfiguration;
			buildSettings = {
				ALWAYS_EMBED_SWIFT_STANDARD_LIBRARIES = YES;
				BUNDLE_LOADER = "$(TEST_HOST)";
				CODE_SIGN_STYLE = Automatic;
				INFOPLIST_FILE = coredata_originalTests/Info.plist;
				IPHONEOS_DEPLOYMENT_TARGET = 14.4;
				LD_RUNPATH_SEARCH_PATHS = (
					"$(inherited)",
					"@executable_path/Frameworks",
					"@loader_path/Frameworks",
				);
				PRODUCT_BUNDLE_IDENTIFIER = "ag.coredata-originalTests";
				PRODUCT_NAME = "$(TARGET_NAME)";
				SWIFT_VERSION = 5.0;
				TARGETED_DEVICE_FAMILY = "1,2";
				TEST_HOST = "$(BUILT_PRODUCTS_DIR)/coredata_original.app/coredata_original";
			};
			name = Debug;
		};
		521DE6F129F1235500BB2D0D /* Release */ = {
			isa = XCBuildConfiguration;
			buildSettings = {
				ALWAYS_EMBED_SWIFT_STANDARD_LIBRARIES = YES;
				BUNDLE_LOADER = "$(TEST_HOST)";
				CODE_SIGN_STYLE = Automatic;
				INFOPLIST_FILE = coredata_originalTests/Info.plist;
				IPHONEOS_DEPLOYMENT_TARGET = 14.4;
				LD_RUNPATH_SEARCH_PATHS = (
					"$(inherited)",
					"@executable_path/Frameworks",
					"@loader_path/Frameworks",
				);
				PRODUCT_BUNDLE_IDENTIFIER = "ag.coredata-originalTests";
				PRODUCT_NAME = "$(TARGET_NAME)";
				SWIFT_VERSION = 5.0;
				TARGETED_DEVICE_FAMILY = "1,2";
				TEST_HOST = "$(BUILT_PRODUCTS_DIR)/coredata_original.app/coredata_original";
			};
			name = Release;
		};
		521DE6F329F1235500BB2D0D /* Debug */ = {
			isa = XCBuildConfiguration;
			buildSettings = {
				ALWAYS_EMBED_SWIFT_STANDARD_LIBRARIES = YES;
				CODE_SIGN_STYLE = Automatic;
				INFOPLIST_FILE = coredata_originalUITests/Info.plist;
				LD_RUNPATH_SEARCH_PATHS = (
					"$(inherited)",
					"@executable_path/Frameworks",
					"@loader_path/Frameworks",
				);
				PRODUCT_BUNDLE_IDENTIFIER = "ag.coredata-originalUITests";
				PRODUCT_NAME = "$(TARGET_NAME)";
				SWIFT_VERSION = 5.0;
				TARGETED_DEVICE_FAMILY = "1,2";
				TEST_TARGET_NAME = coredata_original;
			};
			name = Debug;
		};
		521DE6F429F1235500BB2D0D /* Release */ = {
			isa = XCBuildConfiguration;
			buildSettings = {
				ALWAYS_EMBED_SWIFT_STANDARD_LIBRARIES = YES;
				CODE_SIGN_STYLE = Automatic;
				INFOPLIST_FILE = coredata_originalUITests/Info.plist;
				LD_RUNPATH_SEARCH_PATHS = (
					"$(inherited)",
					"@executable_path/Frameworks",
					"@loader_path/Frameworks",
				);
				PRODUCT_BUNDLE_IDENTIFIER = "ag.coredata-originalUITests";
				PRODUCT_NAME = "$(TARGET_NAME)";
				SWIFT_VERSION = 5.0;
				TARGETED_DEVICE_FAMILY = "1,2";
				TEST_TARGET_NAME = coredata_original;
			};
			name = Release;
		};
/* End XCBuildConfiguration section */

/* Begin XCConfigurationList section */
		521DE6BA29F1235400BB2D0D /* Build configuration list for PBXProject "coredata_original" */ = {
			isa = XCConfigurationList;
			buildConfigurations = (
				521DE6EA29F1235500BB2D0D /* Debug */,
				521DE6EB29F1235500BB2D0D /* Release */,
			);
			defaultConfigurationIsVisible = 0;
			defaultConfigurationName = Release;
		};
		521DE6EC29F1235500BB2D0D /* Build configuration list for PBXNativeTarget "coredata_original" */ = {
			isa = XCConfigurationList;
			buildConfigurations = (
				521DE6ED29F1235500BB2D0D /* Debug */,
				521DE6EE29F1235500BB2D0D /* Release */,
			);
			defaultConfigurationIsVisible = 0;
			defaultConfigurationName = Release;
		};
		521DE6EF29F1235500BB2D0D /* Build configuration list for PBXNativeTarget "coredata_originalTests" */ = {
			isa = XCConfigurationList;
			buildConfigurations = (
				521DE6F029F1235500BB2D0D /* Debug */,
				521DE6F129F1235500BB2D0D /* Release */,
			);
			defaultConfigurationIsVisible = 0;
			defaultConfigurationName = Release;
		};
		521DE6F229F1235500BB2D0D /* Build configuration list for PBXNativeTarget "coredata_originalUITests" */ = {
			isa = XCConfigurationList;
			buildConfigurations = (
				521DE6F329F1235500BB2D0D /* Debug */,
				521DE6F429F1235500BB2D0D /* Release */,
			);
			defaultConfigurationIsVisible = 0;
			defaultConfigurationName = Release;
		};
/* End XCConfigurationList section */

/* Begin XCVersionGroup section */
		521DE6CB29F1235400BB2D0D /* coredata_original.xcdatamodeld */ = {
			isa = XCVersionGroup;
			children = (
				521DE6CC29F1235400BB2D0D /* coredata_original.xcdatamodel */,
			);
			currentVersion = 521DE6CC29F1235400BB2D0D /* coredata_original.xcdatamodel */;
			path = coredata_original.xcdatamodeld;
			sourceTree = "<group>";
			versionGroupType = wrapper.xcdatamodel;
		};
/* End XCVersionGroup section */
	};
	rootObject = 521DE6B729F1235400BB2D0D /* Project object */;
}
